
Microsoft Visual Studio Solution File, Format Version 12.00
# Visual Studio Version 16
VisualStudioVersion = 16.0.30011.22
MinimumVisualStudioVersion = 10.0.40219.1
Project("{8BC9CEB8-8B4A-11D0-8D11-00A0C91BC942}") = "DirectX12_1", "DirectX12_1\DirectX12_1.vcxproj", "{EB5CB213-5CAE-463A-A108-AADBAB9E99DE}"
EndProject
Global
	GlobalSection(SolutionConfigurationPlatforms) = preSolution
		Debug|x64 = Debug|x64
		Debug|x86 = Debug|x86
		Release|x64 = Release|x64
		Release|x86 = Release|x86
	EndGlobalSection
	GlobalSection(ProjectConfigurationPlatforms) = postSolution
		{EB5CB213-5CAE-463A-A108-AADBAB9E99DE}.Debug|x64.ActiveCfg = Debug|x64
		{EB5CB213-5CAE-463A-A108-AADBAB9E99DE}.Debug|x64.Build.0 = Debug|x64
		{EB5CB213-5CAE-463A-A108-AADBAB9E99DE}.Debug|x86.ActiveCfg = Debug|Win32
		{EB5CB213-5CAE-463A-A108-AADBAB9E99DE}.Debug|x86.Build.0 = Debug|Win32
		{EB5CB213-5CAE-463A-A108-AADBAB9E99DE}.Release|x64.ActiveCfg = Release|x64
		{EB5CB213-5CAE-463A-A108-AADBAB9E99DE}.Release|x64.Build.0 = Release|x64
		{EB5CB213-5CAE-463A-A108-AADBAB9E99DE}.Release|x86.ActiveCfg = Release|Win32
		{EB5CB213-5CAE-463A-A108-AADBAB9E99DE}.Release|x86.Build.0 = Release|Win32
	EndGlobalSection
	GlobalSection(SolutionProperties) = preSolution
		HideSolutionNode = FALSE
	EndGlobalSection
	GlobalSection(ExtensibilityGlobals) = postSolution
		SolutionGuid = {E8611D20-A9EC-416B-9312-DDD1F058DC50}
	EndGlobalSection
EndGlobal
